# This file is automatically @generated by Cargo.
# It is not intended for manual editing.
version = 3

[[package]]
name = "rusted-console"
version = "0.1.0"
source = "git+https://github.com/RichardMarks/rusted-console.git#3d20f2122d338441ccf0e1e239096db8e75e4523"

[[package]]
name = "rusted-sawd"
version = "0.1.0"
dependencies = [
 "rusted-console",
]
